
Microsoft Visual Studio Solution File, Format Version 12.00
# Visual Studio 2012
Project("{FAE04EC0-301F-11D3-BF4B-00C04F79EFBC}") = "FeatureSwitcher", "FeatureSwitcher\FeatureSwitcher.csproj", "{3A2D3A93-5B05-4003-BBAB-13D5E20824EC}"
EndProject
Project("{FAE04EC0-301F-11D3-BF4B-00C04F79EFBC}") = "FeatureSwitcher.Specs", "FeatureSwitcher.Specs\FeatureSwitcher.Specs.csproj", "{3B2BAC6C-FEB6-4EDF-B4DE-B7A05810C24C}"
EndProject
Project("{2150E333-8FDC-42A3-9474-1A3956D46DE8}") = ".nuget", ".nuget", "{E2ACB050-4075-400B-8C5F-F2A05744E8C6}"
	ProjectSection(SolutionItems) = preProject
		.nuget\NuGet.exe = .nuget\NuGet.exe
		.nuget\NuGet.targets = .nuget\NuGet.targets
	EndProjectSection
EndProject
Project("{FAE04EC0-301F-11D3-BF4B-00C04F79EFBC}") = "FeatureSwitcher.Configuration", "FeatureSwitcher.Configuration\FeatureSwitcher.Configuration.csproj", "{7622325E-609D-47F4-B7D8-E0172A1A2BDF}"
EndProject
Project("{FAE04EC0-301F-11D3-BF4B-00C04F79EFBC}") = "FeatureSwitcher.Examples", "FeatureSwitcher.Examples\FeatureSwitcher.Examples.csproj", "{E4727D47-E8DA-4730-8B04-01014ECDE524}"
EndProject
Project("{FAE04EC0-301F-11D3-BF4B-00C04F79EFBC}") = "FeatureSwitcher.Contexteer", "FeatureSwitcher.Contexteer\FeatureSwitcher.Contexteer.csproj", "{F1B48637-D35E-4CEC-9611-DB8EC36C65B1}"
EndProject
Project("{2150E333-8FDC-42A3-9474-1A3956D46DE8}") = "Solution Items", "Solution Items", "{BC6156A9-5095-4006-860C-E4D81C4ED025}"
	ProjectSection(SolutionItems) = preProject
		..\build.cmd = ..\build.cmd
		..\build.fsx = ..\build.fsx
		..\Licence.txt = ..\Licence.txt
		..\README.markdown = ..\README.markdown
	EndProjectSection
EndProject
Project("{2150E333-8FDC-42A3-9474-1A3956D46DE8}") = "Icons", "Icons", "{6B36F51F-0480-4824-83B5-E0059CA3960C}"
	ProjectSection(SolutionItems) = preProject
		..\Icons\FeatureSwitcher_256x256.png = ..\Icons\FeatureSwitcher_256x256.png
		..\Icons\FeatureSwitcher_32x32.png = ..\Icons\FeatureSwitcher_32x32.png
		..\Icons\FeatureSwitcher_48x48.png = ..\Icons\FeatureSwitcher_48x48.png
		..\Icons\FeatureSwitcher_64x64.png = ..\Icons\FeatureSwitcher_64x64.png
		..\Icons\README.markdown = ..\Icons\README.markdown
	EndProjectSection
EndProject
Global
	GlobalSection(SolutionConfigurationPlatforms) = preSolution
		Debug|Any CPU = Debug|Any CPU
		Release|Any CPU = Release|Any CPU
	EndGlobalSection
	GlobalSection(ProjectConfigurationPlatforms) = postSolution
		{3A2D3A93-5B05-4003-BBAB-13D5E20824EC}.Debug|Any CPU.ActiveCfg = Debug|Any CPU
		{3A2D3A93-5B05-4003-BBAB-13D5E20824EC}.Debug|Any CPU.Build.0 = Debug|Any CPU
		{3A2D3A93-5B05-4003-BBAB-13D5E20824EC}.Release|Any CPU.ActiveCfg = Release|Any CPU
		{3A2D3A93-5B05-4003-BBAB-13D5E20824EC}.Release|Any CPU.Build.0 = Release|Any CPU
		{3B2BAC6C-FEB6-4EDF-B4DE-B7A05810C24C}.Debug|Any CPU.ActiveCfg = Debug|Any CPU
		{3B2BAC6C-FEB6-4EDF-B4DE-B7A05810C24C}.Debug|Any CPU.Build.0 = Debug|Any CPU
		{3B2BAC6C-FEB6-4EDF-B4DE-B7A05810C24C}.Release|Any CPU.ActiveCfg = Release|Any CPU
		{3B2BAC6C-FEB6-4EDF-B4DE-B7A05810C24C}.Release|Any CPU.Build.0 = Release|Any CPU
		{7622325E-609D-47F4-B7D8-E0172A1A2BDF}.Debug|Any CPU.ActiveCfg = Debug|Any CPU
		{7622325E-609D-47F4-B7D8-E0172A1A2BDF}.Debug|Any CPU.Build.0 = Debug|Any CPU
		{7622325E-609D-47F4-B7D8-E0172A1A2BDF}.Release|Any CPU.ActiveCfg = Release|Any CPU
		{7622325E-609D-47F4-B7D8-E0172A1A2BDF}.Release|Any CPU.Build.0 = Release|Any CPU
		{E4727D47-E8DA-4730-8B04-01014ECDE524}.Debug|Any CPU.ActiveCfg = Debug|Any CPU
		{E4727D47-E8DA-4730-8B04-01014ECDE524}.Debug|Any CPU.Build.0 = Debug|Any CPU
		{E4727D47-E8DA-4730-8B04-01014ECDE524}.Release|Any CPU.ActiveCfg = Release|Any CPU
		{E4727D47-E8DA-4730-8B04-01014ECDE524}.Release|Any CPU.Build.0 = Release|Any CPU
		{F1B48637-D35E-4CEC-9611-DB8EC36C65B1}.Debug|Any CPU.ActiveCfg = Debug|Any CPU
		{F1B48637-D35E-4CEC-9611-DB8EC36C65B1}.Debug|Any CPU.Build.0 = Debug|Any CPU
		{F1B48637-D35E-4CEC-9611-DB8EC36C65B1}.Release|Any CPU.ActiveCfg = Release|Any CPU
		{F1B48637-D35E-4CEC-9611-DB8EC36C65B1}.Release|Any CPU.Build.0 = Release|Any CPU
	EndGlobalSection
	GlobalSection(SolutionProperties) = preSolution
		HideSolutionNode = FALSE
	EndGlobalSection
EndGlobal
